// !$*UTF8*$!
{
	archiveVersion = 1;
	classes = {
	};
	objectVersion = 46;
	objects = {

/* Begin PBXBuildFile section */
		3424A03D1F4AAE2F00E11535 /* main.m in Sources */ = {isa = PBXBuildFile; fileRef = 3424A03C1F4AAE2F00E11535 /* main.m */; };
		3424A0401F4AAE2F00E11535 /* AppDelegate.m in Sources */ = {isa = PBXBuildFile; fileRef = 3424A03F1F4AAE2F00E11535 /* AppDelegate.m */; };
		3424A0431F4AAE2F00E11535 /* ViewController.m in Sources */ = {isa = PBXBuildFile; fileRef = 3424A0421F4AAE2F00E11535 /* ViewController.m */; };
		3424A0461F4AAE2F00E11535 /* Main.storyboard in Resources */ = {isa = PBXBuildFile; fileRef = 3424A0441F4AAE2F00E11535 /* Main.storyboard */; };
		3424A0481F4AAE2F00E11535 /* Assets.xcassets in Resources */ = {isa = PBXBuildFile; fileRef = 3424A0471F4AAE2F00E11535 /* Assets.xcassets */; };
		3424A04B1F4AAE2F00E11535 /* LaunchScreen.storyboard in Resources */ = {isa = PBXBuildFile; fileRef = 3424A0491F4AAE2F00E11535 /* LaunchScreen.storyboard */; };
		3424A0591F4AAE7C00E11535 /* UIFont+Common.m in Sources */ = {isa = PBXBuildFile; fileRef = 3424A0551F4AAE7C00E11535 /* UIFont+Common.m */; };
		3424A05A1F4AAE7C00E11535 /* UIColor+Common.m in Sources */ = {isa = PBXBuildFile; fileRef = 3424A0581F4AAE7C00E11535 /* UIColor+Common.m */; };
		3424A05F1F4AAEEE00E11535 /* MCommon.m in Sources */ = {isa = PBXBuildFile; fileRef = 3424A05B1F4AAEEE00E11535 /* MCommon.m */; };
		3424A0601F4AAEEE00E11535 /* MConstant.m in Sources */ = {isa = PBXBuildFile; fileRef = 3424A05C1F4AAEEE00E11535 /* MConstant.m */; };
/* End PBXBuildFile section */

/* Begin PBXFileReference section */
		3424A0381F4AAE2F00E11535 /* PWFiled.app */ = {isa = PBXFileReference; explicitFileType = wrapper.application; includeInIndex = 0; path = PWFiled.app; sourceTree = BUILT_PRODUCTS_DIR; };
		3424A03C1F4AAE2F00E11535 /* main.m */ = {isa = PBXFileReference; lastKnownFileType = sourcecode.c.objc; path = main.m; sourceTree = "<group>"; };
		3424A03E1F4AAE2F00E11535 /* AppDelegate.h */ = {isa = PBXFileReference; lastKnownFileType = sourcecode.c.h; path = AppDelegate.h; sourceTree = "<group>"; };
		3424A03F1F4AAE2F00E11535 /* AppDelegate.m */ = {isa = PBXFileReference; lastKnownFileType = sourcecode.c.objc; path = AppDelegate.m; sourceTree = "<group>"; };
		3424A0411F4AAE2F00E11535 /* ViewController.h */ = {isa = PBXFileReference; lastKnownFileType = sourcecode.c.h; path = ViewController.h; sourceTree = "<group>"; };
		3424A0421F4AAE2F00E11535 /* ViewController.m */ = {isa = PBXFileReference; lastKnownFileType = sourcecode.c.objc; path = ViewController.m; sourceTree = "<group>"; };
		3424A0451F4AAE2F00E11535 /* Base */ = {isa = PBXFileReference; lastKnownFileType = file.storyboard; name = Base; path = Base.lproj/Main.storyboard; sourceTree = "<group>"; };
		3424A0471F4AAE2F00E11535 /* Assets.xcassets */ = {isa = PBXFileReference; lastKnownFileType = folder.assetcatalog; path = Assets.xcassets; sourceTree = "<group>"; };
		3424A04A1F4AAE2F00E11535 /* Base */ = {isa = PBXFileReference; lastKnownFileType = file.storyboard; name = Base; path = Base.lproj/LaunchScreen.storyboard; sourceTree = "<group>"; };
		3424A04C1F4AAE2F00E11535 /* Info.plist */ = {isa = PBXFileReference; lastKnownFileType = text.plist.xml; path = Info.plist; sourceTree = "<group>"; };
		3424A0541F4AAE7C00E11535 /* UIFont+Common.h */ = {isa = PBXFileReference; fileEncoding = 4; lastKnownFileType = sourcecode.c.h; path = "UIFont+Common.h"; sourceTree = "<group>"; };
		3424A0551F4AAE7C00E11535 /* UIFont+Common.m */ = {isa = PBXFileReference; fileEncoding = 4; lastKnownFileType = sourcecode.c.objc; path = "UIFont+Common.m"; sourceTree = "<group>"; };
		3424A0571F4AAE7C00E11535 /* UIColor+Common.h */ = {isa = PBXFileReference; fileEncoding = 4; lastKnownFileType = sourcecode.c.h; path = "UIColor+Common.h"; sourceTree = "<group>"; };
		3424A0581F4AAE7C00E11535 /* UIColor+Common.m */ = {isa = PBXFileReference; fileEncoding = 4; lastKnownFileType = sourcecode.c.objc; path = "UIColor+Common.m"; sourceTree = "<group>"; };
		3424A05B1F4AAEEE00E11535 /* MCommon.m */ = {isa = PBXFileReference; fileEncoding = 4; lastKnownFileType = sourcecode.c.objc; path = MCommon.m; sourceTree = "<group>"; };
		3424A05C1F4AAEEE00E11535 /* MConstant.m */ = {isa = PBXFileReference; fileEncoding = 4; lastKnownFileType = sourcecode.c.objc; path = MConstant.m; sourceTree = "<group>"; };
		3424A05D1F4AAEEE00E11535 /* MCommon.h */ = {isa = PBXFileReference; fileEncoding = 4; lastKnownFileType = sourcecode.c.h; path = MCommon.h; sourceTree = "<group>"; };
		3424A05E1F4AAEEE00E11535 /* MConstant.h */ = {isa = PBXFileReference; fileEncoding = 4; lastKnownFileType = sourcecode.c.h; path = MConstant.h; sourceTree = "<group>"; };
/* End PBXFileReference section */

/* Begin PBXFrameworksBuildPhase section */
		3424A0351F4AAE2F00E11535 /* Frameworks */ = {
			isa = PBXFrameworksBuildPhase;
			buildActionMask = 2147483647;
			files = (
			);
			runOnlyForDeploymentPostprocessing = 0;
		};
/* End PBXFrameworksBuildPhase section */

/* Begin PBXGroup section */
		3424A02F1F4AAE2F00E11535 = {
			isa = PBXGroup;
			children = (
				3424A03A1F4AAE2F00E11535 /* PWFiled */,
				3424A0391F4AAE2F00E11535 /* Products */,
			);
			sourceTree = "<group>";
		};
		3424A0391F4AAE2F00E11535 /* Products */ = {
			isa = PBXGroup;
			children = (
				3424A0381F4AAE2F00E11535 /* PWFiled.app */,
			);
			name = Products;
			sourceTree = "<group>";
		};
		3424A03A1F4AAE2F00E11535 /* PWFiled */ = {
			isa = PBXGroup;
			children = (
				3424A0521F4AAE4900E11535 /* Plus */,
				3424A03E1F4AAE2F00E11535 /* AppDelegate.h */,
				3424A03F1F4AAE2F00E11535 /* AppDelegate.m */,
				3424A0411F4AAE2F00E11535 /* ViewController.h */,
				3424A0421F4AAE2F00E11535 /* ViewController.m */,
				3424A0441F4AAE2F00E11535 /* Main.storyboard */,
				3424A0471F4AAE2F00E11535 /* Assets.xcassets */,
				3424A0491F4AAE2F00E11535 /* LaunchScreen.storyboard */,
				3424A04C1F4AAE2F00E11535 /* Info.plist */,
				3424A03B1F4AAE2F00E11535 /* Supporting Files */,
			);
			path = PWFiled;
			sourceTree = "<group>";
		};
		3424A03B1F4AAE2F00E11535 /* Supporting Files */ = {
			isa = PBXGroup;
			children = (
				3424A03C1F4AAE2F00E11535 /* main.m */,
			);
			name = "Supporting Files";
			sourceTree = "<group>";
		};
		3424A0521F4AAE4900E11535 /* Plus */ = {
			isa = PBXGroup;
			children = (
				3424A05B1F4AAEEE00E11535 /* MCommon.m */,
				3424A05C1F4AAEEE00E11535 /* MConstant.m */,
				3424A05D1F4AAEEE00E11535 /* MCommon.h */,
				3424A05E1F4AAEEE00E11535 /* MConstant.h */,
				3424A0531F4AAE7C00E11535 /* UIFontPlus */,
				3424A0561F4AAE7C00E11535 /* UIColorPlus */,
			);
			path = Plus;
			sourceTree = "<group>";
		};
		3424A0531F4AAE7C00E11535 /* UIFontPlus */ = {
			isa = PBXGroup;
			children = (
				3424A0541F4AAE7C00E11535 /* UIFont+Common.h */,
				3424A0551F4AAE7C00E11535 /* UIFont+Common.m */,
			);
			path = UIFontPlus;
			sourceTree = "<group>";
		};
		3424A0561F4AAE7C00E11535 /* UIColorPlus */ = {
			isa = PBXGroup;
			children = (
				3424A0571F4AAE7C00E11535 /* UIColor+Common.h */,
				3424A0581F4AAE7C00E11535 /* UIColor+Common.m */,
			);
			path = UIColorPlus;
			sourceTree = "<group>";
		};
/* End PBXGroup section */

/* Begin PBXNativeTarget section */
		3424A0371F4AAE2F00E11535 /* PWFiled */ = {
			isa = PBXNativeTarget;
			buildConfigurationList = 3424A04F1F4AAE2F00E11535 /* Build configuration list for PBXNativeTarget "PWFiled" */;
			buildPhases = (
				3424A0341F4AAE2F00E11535 /* Sources */,
				3424A0351F4AAE2F00E11535 /* Frameworks */,
				3424A0361F4AAE2F00E11535 /* Resources */,
			);
			buildRules = (
			);
			dependencies = (
			);
			name = PWFiled;
			productName = PWFiled;
			productReference = 3424A0381F4AAE2F00E11535 /* PWFiled.app */;
			productType = "com.apple.product-type.application";
		};
/* End PBXNativeTarget section */

/* Begin PBXProject section */
		3424A0301F4AAE2F00E11535 /* Project object */ = {
			isa = PBXProject;
			attributes = {
				LastUpgradeCheck = 0830;
				ORGANIZATIONNAME = Matthew;
				TargetAttributes = {
					3424A0371F4AAE2F00E11535 = {
						CreatedOnToolsVersion = 8.3.3;
						DevelopmentTeam = 8YDYPF4M6T;
						ProvisioningStyle = Automatic;
					};
				};
			};
			buildConfigurationList = 3424A0331F4AAE2F00E11535 /* Build configuration list for PBXProject "PWFiled" */;
			compatibilityVersion = "Xcode 3.2";
			developmentRegion = English;
			hasScannedForEncodings = 0;
			knownRegions = (
				en,
				Base,
			);
			mainGroup = 3424A02F1F4AAE2F00E11535;
			productRefGroup = 3424A0391F4AAE2F00E11535 /* Products */;
			projectDirPath = "";
			projectRoot = "";
			targets = (
				3424A0371F4AAE2F00E11535 /* PWFiled */,
			);
		};
/* End PBXProject section */

/* Begin PBXResourcesBuildPhase section */
		3424A0361F4AAE2F00E11535 /* Resources */ = {
			isa = PBXResourcesBuildPhase;
			buildActionMask = 2147483647;
			files = (
				3424A04B1F4AAE2F00E11535 /* LaunchScreen.storyboard in Resources */,
				3424A0481F4AAE2F00E11535 /* Assets.xcassets in Resources */,
				3424A0461F4AAE2F00E11535 /* Main.storyboard in Resources */,
			);
			runOnlyForDeploymentPostprocessing = 0;
		};
/* End PBXResourcesBuildPhase section */

/* Begin PBXSourcesBuildPhase section */
		3424A0341F4AAE2F00E11535 /* Sources */ = {
			isa = PBXSourcesBuildPhase;
			buildActionMask = 2147483647;
			files = (
				3424A0431F4AAE2F00E11535 /* ViewController.m in Sources */,
				3424A0401F4AAE2F00E11535 /* AppDelegate.m in Sources */,
				3424A05F1F4AAEEE00E11535 /* MCommon.m in Sources */,
				3424A03D1F4AAE2F00E11535 /* main.m in Sources */,
				3424A0591F4AAE7C00E11535 /* UIFont+Common.m in Sources */,
				3424A05A1F4AAE7C00E11535 /* UIColor+Common.m in Sources */,
				3424A0601F4AAEEE00E11535 /* MConstant.m in Sources */,
			);
			runOnlyForDeploymentPostprocessing = 0;
		};
/* End PBXSourcesBuildPhase section */

/* Begin PBXVariantGroup section */
		3424A0441F4AAE2F00E11535 /* Main.storyboard */ = {
			isa = PBXVariantGroup;
			children = (
				3424A0451F4AAE2F00E11535 /* Base */,
			);
			name = Main.storyboard;
			sourceTree = "<group>";
		};
		3424A0491F4AAE2F00E11535 /* LaunchScreen.storyboard */ = {
			isa = PBXVariantGroup;
			children = (
				3424A04A1F4AAE2F00E11535 /* Base */,
			);
			name = LaunchScreen.storyboard;
			sourceTree = "<group>";
		};
/* End PBXVariantGroup section */

/* Begin XCBuildConfiguration section */
		3424A04D1F4AAE2F00E11535 /* Debug */ = {
			isa = XCBuildConfiguration;
			buildSettings = {
				ALWAYS_SEARCH_USER_PATHS = NO;
				CLANG_ANALYZER_NONNULL = YES;
				CLANG_ANALYZER_NUMBER_OBJECT_CONVERSION = YES_AGGRESSIVE;
				CLANG_CXX_LANGUAGE_STANDARD = "gnu++0x";
				CLANG_CXX_LIBRARY = "libc++";
				CLANG_ENABLE_MODULES = YES;
				CLANG_ENABLE_OBJC_ARC = YES;
				CLANG_WARN_BOOL_CONVERSION = YES;
				CLANG_WARN_CONSTANT_CONVERSION = YES;
				CLANG_WARN_DIRECT_OBJC_ISA_USAGE = YES_ERROR;
				CLANG_WARN_DOCUMENTATION_COMMENTS = YES;
				CLANG_WARN_EMPTY_BODY = YES;
				CLANG_WARN_ENUM_CONVERSION = YES;
				CLANG_WARN_INFINITE_RECURSION = YES;
				CLANG_WARN_INT_CONVERSION = YES;
				CLANG_WARN_OBJC_ROOT_CLASS = YES_ERROR;
				CLANG_WARN_SUSPICIOUS_MOVE = YES;
				CLANG_WARN_UNREACHABLE_CODE = YES;
				CLANG_WARN__DUPLICATE_METHOD_MATCH = YES;
				"CODE_SIGN_IDENTITY[sdk=iphoneos*]" = "iPhone Developer";
				COPY_PHASE_STRIP = NO;
				DEBUG_INFORMATION_FORMAT = dwarf;
				ENABLE_STRICT_OBJC_MSGSEND = YES;
				ENABLE_TESTABILITY = YES;
				GCC_C_LANGUAGE_STANDARD = gnu99;
				GCC_DYNAMIC_NO_PIC = NO;
				GCC_NO_COMMON_BLOCKS = YES;
				GCC_OPTIMIZATION_LEVEL = 0;
				GCC_PREPROCESSOR_DEFINITIONS = (
					"DEBUG=1",
					"$(inherited)",
				);
				GCC_WARN_64_TO_32_BIT_CONVERSION = YES;
				GCC_WARN_ABOUT_RETURN_TYPE = YES_ERROR;
				GCC_WARN_UNDECLARED_SELECTOR = YES;
				GCC_WARN_UNINITIALIZED_AUTOS = YES_AGGRESSIVE;
				GCC_WARN_UNUSED_FUNCTION = YES;
				GCC_WARN_UNUSED_VARIABLE = YES;
				IPHONEOS_DEPLOYMENT_TARGET = 10.3;
				MTL_ENABLE_DEBUG_INFO = YES;
				ONLY_ACTIVE_ARCH = YES;
				SDKROOT = iphoneos;
			};
			name = Debug;
		};
		3424A04E1F4AAE2F00E11535 /* Release */ = {
			isa = XCBuildConfiguration;
			buildSettings = {
				ALWAYS_SEARCH_USER_PATHS = NO;
				CLANG_ANALYZER_NONNULL = YES;
				CLANG_ANALYZER_NUMBER_OBJECT_CONVERSION = YES_AGGRESSIVE;
				CLANG_CXX_LANGUAGE_STANDARD = "gnu++0x";
				CLANG_CXX_LIBRARY = "libc++";
				CLANG_ENABLE_MODULES = YES;
				CLANG_ENABLE_OBJC_ARC = YES;
				CLANG_WARN_BOOL_CONVERSION = YES;
				CLANG_WARN_CONSTANT_CONVERSION = YES;
				CLANG_WARN_DIRECT_OBJC_ISA_USAGE = YES_ERROR;
				CLANG_WARN_DOCUMENTATION_COMMENTS = YES;
				CLANG_WARN_EMPTY_BODY = YES;
				CLANG_WARN_ENUM_CONVERSION = YES;
				CLANG_WARN_INFINITE_RECURSION = YES;
				CLANG_WARN_INT_CONVERSION = YES;
				CLANG_WARN_OBJC_ROOT_CLASS = YES_ERROR;
				CLANG_WARN_SUSPICIOUS_MOVE = YES;
				CLANG_WARN_UNREACHABLE_CODE = YES;
				CLANG_WARN__DUPLICATE_METHOD_MATCH = YES;
				"CODE_SIGN_IDENTITY[sdk=iphoneos*]" = "iPhone Developer";
				COPY_PHASE_STRIP = NO;
				DEBUG_INFORMATION_FORMAT = "dwarf-with-dsym";
				ENABLE_NS_ASSERTIONS = NO;
				ENABLE_STRICT_OBJC_MSGSEND = YES;
				GCC_C_LANGUAGE_STANDARD = gnu99;
				GCC_NO_COMMON_BLOCKS = YES;
				GCC_WARN_64_TO_32_BIT_CONVERSION = YES;
				GCC_WARN_ABOUT_RETURN_TYPE = YES_ERROR;
				GCC_WARN_UNDECLARED_SELECTOR = YES;
				GCC_WARN_UNINITIALIZED_AUTOS = YES_AGGRESSIVE;
				GCC_WARN_UNUSED_FUNCTION = YES;
				GCC_WARN_UNUSED_VARIABLE = YES;
				IPHONEOS_DEPLOYMENT_TARGET = 10.3;
				MTL_ENABLE_DEBUG_INFO = NO;
				SDKROOT = iphoneos;
				VALIDATE_PRODUCT = YES;
			};
			name = Release;
		};
		3424A0501F4AAE2F00E11535 /* Debug */ = {
			isa = XCBuildConfiguration;
			buildSettings = {
				ASSETCATALOG_COMPILER_APPICON_NAME = AppIcon;
				DEVELOPMENT_TEAM = 8YDYPF4M6T;
				INFOPLIST_FILE = PWFiled/Info.plist;
				LD_RUNPATH_SEARCH_PATHS = "$(inherited) @executable_path/Frameworks";
				PRODUCT_BUNDLE_IDENTIFIER = com.dobedoge.test.PWFiled;
				PRODUCT_NAME = "$(TARGET_NAME)";
			};
			name = Debug;
		};
		3424A0511F4AAE2F00E11535 /* Release */ = {
			isa = XCBuildConfiguration;
			buildSettings = {
				ASSETCATALOG_COMPILER_APPICON_NAME = AppIcon;
				DEVELOPMENT_TEAM = 8YDYPF4M6T;
				INFOPLIST_FILE = PWFiled/Info.plist;
				LD_RUNPATH_SEARCH_PATHS = "$(inherited) @executable_path/Frameworks";
				PRODUCT_BUNDLE_IDENTIFIER = com.dobedoge.test.PWFiled;
				PRODUCT_NAME = "$(TARGET_NAME)";
			};
			name = Release;
		};
/* End XCBuildConfiguration section */

/* Begin XCConfigurationList section */
		3424A0331F4AAE2F00E11535 /* Build configuration list for PBXProject "PWFiled" */ = {
			isa = XCConfigurationList;
			buildConfigurations = (
				3424A04D1F4AAE2F00E11535 /* Debug */,
				3424A04E1F4AAE2F00E11535 /* Release */,
			);
			defaultConfigurationIsVisible = 0;
			defaultConfigurationName = Release;
		};
		3424A04F1F4AAE2F00E11535 /* Build configuration list for PBXNativeTarget "PWFiled" */ = {
			isa = XCConfigurationList;
			buildConfigurations = (
				3424A0501F4AAE2F00E11535 /* Debug */,
				3424A0511F4AAE2F00E11535 /* Release */,
			);
			defaultConfigurationIsVisible = 0;
		};
/* End XCConfigurationList section */
	};
	rootObject = 3424A0301F4AAE2F00E11535 /* Project object */;
}
